
Microsoft Visual Studio Solution File, Format Version 12.00
# Visual Studio 15
VisualStudioVersion = 15.0.28010.2046
MinimumVisualStudioVersion = 10.0.40219.1
Project("{FAE04EC0-301F-11D3-BF4B-00C04F79EFBC}") = "WebApplication1", "WebApplication1\WebApplication1.csproj", "{61665EE1-45D6-4E8E-B2DD-743EA08F9679}"
EndProject
Global
	GlobalSection(SolutionConfigurationPlatforms) = preSolution
		Debug|Any CPU = Debug|Any CPU
		Release|Any CPU = Release|Any CPU
	EndGlobalSection
	GlobalSection(ProjectConfigurationPlatforms) = postSolution
		{61665EE1-45D6-4E8E-B2DD-743EA08F9679}.Debug|Any CPU.ActiveCfg = Debug|Any CPU
		{61665EE1-45D6-4E8E-B2DD-743EA08F9679}.Debug|Any CPU.Build.0 = Debug|Any CPU
		{61665EE1-45D6-4E8E-B2DD-743EA08F9679}.Release|Any CPU.ActiveCfg = Release|Any CPU
		{61665EE1-45D6-4E8E-B2DD-743EA08F9679}.Release|Any CPU.Build.0 = Release|Any CPU
	EndGlobalSection
	GlobalSection(SolutionProperties) = preSolution
		HideSolutionNode = FALSE
	EndGlobalSection
	GlobalSection(ExtensibilityGlobals) = postSolution
		SolutionGuid = {5B490642-8076-4E98-9D03-B348A263274C}
	EndGlobalSection
EndGlobal
